	<Project xmlns="http://schemas.microsoft.com/developer/msbuild/2003">
		<PropertyGroup>
			<ProjectGuid>{D6183DD5-4A25-488C-AC5C-82650046D9BC}</ProjectGuid>
			<ProjectVersion>12.0</ProjectVersion>
			<MainSource>flog.dpr</MainSource>
			<Config Condition="'$(Config)'==''">Release</Config>
			<DCC_DCCCompiler>DCC32</DCC_DCCCompiler>
		</PropertyGroup>
		<PropertyGroup Condition="'$(Config)'=='Base' or '$(Base)'!=''">
			<Base>true</Base>
		</PropertyGroup>
		<PropertyGroup Condition="'$(Config)'=='Release' or '$(Cfg_1)'!=''">
			<Cfg_1>true</Cfg_1>
			<CfgParent>Base</CfgParent>
			<Base>true</Base>
		</PropertyGroup>
		<PropertyGroup Condition="'$(Config)'=='Debug' or '$(Cfg_2)'!=''">
			<Cfg_2>true</Cfg_2>
			<CfgParent>Base</CfgParent>
			<Base>true</Base>
		</PropertyGroup>
		<PropertyGroup Condition="'$(Config)'=='Remote' or '$(Cfg_3)'!=''">
			<Cfg_3>true</Cfg_3>
			<CfgParent>Base</CfgParent>
			<Base>true</Base>
		</PropertyGroup>
		<PropertyGroup Condition="'$(Base)'!=''">
			<DCC_DependencyCheckOutputName>flog.exe</DCC_DependencyCheckOutputName>
			<DCC_UnitAlias>WinTypes=Windows;WinProcs=Windows;DbiTypes=BDE;DbiProcs=BDE;DbiErrs=BDE;$(DCC_UnitAlias)</DCC_UnitAlias>
			<DCC_UsePackage>vclx;vcl;rtl;dbrtl;vcldb;bdertl;dsnap;vclactnband;xmlrtl;inet;intrawebdb_100_120;Intraweb_100_120;VclSmp;vclie;webdsnap;inetdbbde;inetdbxpress;dbexpress;DbxCommonDriver;dbxcds;vcldbx;dsnapcon;TeeUI;TeeDB;Tee;adortl;vclib;ibxpress;websnap;soaprtl;vclribbon;DbxClientDriver;DBXInterBaseDriver;DBXMySQLDriver;SynEdit_R2009;pgFBEventAlerterComponent;KZ;DAPack;OverbyteIcsD2009Run;vacomm2009;GLScene_RunTime;GR32_DSGN_RS2009;GR32_RS2009;BurnCD_Pack;AdobeV11007;MS;DilerPackage;vclshlctrls;pgWorkPlace32;pgMySQLComponents;IndyProtocols130;IndyCore130;IndySystem130</DCC_UsePackage>
			<DCC_ImageBase>00400000</DCC_ImageBase>
			<DCC_Platform>x86</DCC_Platform>
		</PropertyGroup>
		<PropertyGroup Condition="'$(Cfg_1)'!=''">
			<DCC_DependencyCheckOutputName>..\Release\flog.exe</DCC_DependencyCheckOutputName>
			<DCC_ExeOutput>..\Release\</DCC_ExeOutput>
			<DCC_LocalDebugSymbols>false</DCC_LocalDebugSymbols>
			<DCC_Define>RELEASE;$(DCC_Define)</DCC_Define>
			<DCC_SymbolReferenceInfo>0</DCC_SymbolReferenceInfo>
			<DCC_DebugInformation>false</DCC_DebugInformation>
		</PropertyGroup>
		<PropertyGroup Condition="'$(Cfg_2)'!=''">
			<DCC_ExeOutput>..\Debug\</DCC_ExeOutput>
			<DCC_DependencyCheckOutputName>..\Debug\flog.exe</DCC_DependencyCheckOutputName>
			<DCC_Define>DEBUG;$(DCC_Define)</DCC_Define>
		</PropertyGroup>
		<PropertyGroup Condition="'$(Cfg_3)'!=''">
			<DCC_ExeOutput>W:\Общий_обмен\Филиппов_Михаил_ИТ\</DCC_ExeOutput>
			<DCC_DependencyCheckOutputName>W:\Общий_обмен\Филиппов_Михаил_ИТ\flog.exe</DCC_DependencyCheckOutputName>
		</PropertyGroup>
		<ItemGroup>
			<DelphiCompile Include="flog.dpr">
				<MainSource>MainSource</MainSource>
			</DelphiCompile>
			<DCCReference Include="..\Source\UFormMain.pas">
				<Form>frmMain</Form>
			</DCCReference>
			<DCCReference Include="..\Source\UFormView.pas">
				<Form>frmView</Form>
			</DCCReference>
			<DCCReference Include="..\Source\UClassView.pas"/>
			<DCCReference Include="..\Source\UFormSetup.pas">
				<Form>frmSetup</Form>
			</DCCReference>
			<DCCReference Include="..\Source\UParam.pas"/>
			<DCCReference Include="..\Source\ULog.pas"/>
			<DCCReference Include="..\Source\UMatching.pas"/>
			<DCCReference Include="..\Source\UStr.pas"/>
			<DCCReference Include="..\Source\UTrayForm.pas">
				<Form>frmTray</Form>
			</DCCReference>
			<BuildConfiguration Include="Base">
				<Key>Base</Key>
			</BuildConfiguration>
			<BuildConfiguration Include="Remote">
				<Key>Cfg_3</Key>
				<CfgParent>Base</CfgParent>
			</BuildConfiguration>
			<BuildConfiguration Include="Debug">
				<Key>Cfg_2</Key>
				<CfgParent>Base</CfgParent>
			</BuildConfiguration>
			<BuildConfiguration Include="Release">
				<Key>Cfg_1</Key>
				<CfgParent>Base</CfgParent>
			</BuildConfiguration>
		</ItemGroup>
		<Import Project="$(BDS)\Bin\CodeGear.Delphi.Targets" Condition="Exists('$(BDS)\Bin\CodeGear.Delphi.Targets')"/>
		<ProjectExtensions>
			<Borland.Personality>Delphi.Personality.12</Borland.Personality>
			<Borland.ProjectType/>
			<BorlandProject>
				<Delphi.Personality>
					<Source>
						<Source Name="MainSource">flog.dpr</Source>
					</Source>
					<Parameters>
						<Parameters Name="UseLauncher">False</Parameters>
						<Parameters Name="LoadAllSymbols">True</Parameters>
						<Parameters Name="LoadUnspecifiedSymbols">False</Parameters>
					</Parameters>
					<VersionInfo>
						<VersionInfo Name="IncludeVerInfo">True</VersionInfo>
						<VersionInfo Name="AutoIncBuild">True</VersionInfo>
						<VersionInfo Name="MajorVer">1</VersionInfo>
						<VersionInfo Name="MinorVer">4</VersionInfo>
						<VersionInfo Name="Release">1</VersionInfo>
						<VersionInfo Name="Build">27</VersionInfo>
						<VersionInfo Name="Debug">False</VersionInfo>
						<VersionInfo Name="PreRelease">False</VersionInfo>
						<VersionInfo Name="Special">False</VersionInfo>
						<VersionInfo Name="Private">False</VersionInfo>
						<VersionInfo Name="DLL">False</VersionInfo>
						<VersionInfo Name="Locale">1049</VersionInfo>
						<VersionInfo Name="CodePage">1251</VersionInfo>
					</VersionInfo>
					<VersionInfoKeys>
						<VersionInfoKeys Name="CompanyName">fmihel</VersionInfoKeys>
						<VersionInfoKeys Name="FileDescription">log monitor</VersionInfoKeys>
						<VersionInfoKeys Name="FileVersion">1.4.1.27</VersionInfoKeys>
						<VersionInfoKeys Name="InternalName"/>
						<VersionInfoKeys Name="LegalCopyright">windeco</VersionInfoKeys>
						<VersionInfoKeys Name="LegalTrademarks"/>
						<VersionInfoKeys Name="OriginalFilename">flog.exe</VersionInfoKeys>
						<VersionInfoKeys Name="ProductName"/>
						<VersionInfoKeys Name="ProductVersion">1.4.1</VersionInfoKeys>
						<VersionInfoKeys Name="Comments"/>
					</VersionInfoKeys>
					<Excluded_Packages>
						<Excluded_Packages Name="C:\Users\Public\Documents\RAD Studio\6.0\Bpl\pack_agi.bpl">(untitled)</Excluded_Packages>
						<Excluded_Packages Name="C:\Users\Public\Documents\RAD Studio\6.0\Bpl\pgWebBrowser.bpl">WebBrowserV1</Excluded_Packages>
						<Excluded_Packages Name="$(BDS)\bin\dcloffice2k120.bpl">Microsoft Office 2000 Sample Automation Server Wrapper Components</Excluded_Packages>
						<Excluded_Packages Name="$(BDS)\bin\dclofficexp120.bpl">Microsoft Office XP Sample Automation Server Wrapper Components</Excluded_Packages>
					</Excluded_Packages>
				</Delphi.Personality>
			</BorlandProject>
			<ProjectFileVersion>12</ProjectFileVersion>
		</ProjectExtensions>
	</Project>
